// !$*UTF8*$!
{
	archiveVersion = 1;
	classes = {
	};
	objectVersion = 56;
	objects = {

/* Begin PBXBuildFile section */
		553C445E2A383B7F00E3C1D0 /* FirebaseAnalyticsSwift in Frameworks */ = {isa = PBXBuildFile; productRef = 553C445D2A383B7F00E3C1D0 /* FirebaseAnalyticsSwift */; };
		55455DBF2A1C953800635F42 /* DollarMoreRefactorTests.swift in Sources */ = {isa = PBXBuildFile; fileRef = 55455DBE2A1C953800635F42 /* DollarMoreRefactorTests.swift */; };
		55455DCC2A1CB2BB00635F42 /* DollarMoreRefactorUITests.swift in Sources */ = {isa = PBXBuildFile; fileRef = 55455DCB2A1CB2BB00635F42 /* DollarMoreRefactorUITests.swift */; };
		55455DCE2A1CB2BB00635F42 /* DollarMoreRefactorUITestsLaunchTests.swift in Sources */ = {isa = PBXBuildFile; fileRef = 55455DCD2A1CB2BB00635F42 /* DollarMoreRefactorUITestsLaunchTests.swift */; };
		55455DD82A1DAF6500635F42 /* NewsCell.swift in Sources */ = {isa = PBXBuildFile; fileRef = 55455DD72A1DAF6500635F42 /* NewsCell.swift */; };
		55455DDA2A1E515500635F42 /* NewsViewController.swift in Sources */ = {isa = PBXBuildFile; fileRef = 55455DD92A1E515500635F42 /* NewsViewController.swift */; };
		55455DE02A1F5D3800635F42 /* NewsViewModel.swift in Sources */ = {isa = PBXBuildFile; fileRef = 55455DDF2A1F5D3800635F42 /* NewsViewModel.swift */; };
		55455DE22A1F5ECA00635F42 /* NewsHelpers.swift in Sources */ = {isa = PBXBuildFile; fileRef = 55455DE12A1F5EC900635F42 /* NewsHelpers.swift */; };
		55455DE52A2193B600635F42 /* AlamofireRSSParser in Frameworks */ = {isa = PBXBuildFile; productRef = 55455DE42A2193B600635F42 /* AlamofireRSSParser */; };
		55455DE92A226CE100635F42 /* RssParser.swift in Sources */ = {isa = PBXBuildFile; fileRef = 55455DE82A226CE100635F42 /* RssParser.swift */; };
		5549EFA72A34FF92003EFFC9 /* FirebaseAnalytics in Frameworks */ = {isa = PBXBuildFile; productRef = 5549EFA62A34FF92003EFFC9 /* FirebaseAnalytics */; };
		5549EFA92A350227003EFFC9 /* GoogleService-Info.plist in Resources */ = {isa = PBXBuildFile; fileRef = 5549EFA82A350227003EFFC9 /* GoogleService-Info.plist */; };
		55A295DC2A0CC199004905F1 /* AppDelegate.swift in Sources */ = {isa = PBXBuildFile; fileRef = 55A295DB2A0CC199004905F1 /* AppDelegate.swift */; };
		55A295DE2A0CC199004905F1 /* SceneDelegate.swift in Sources */ = {isa = PBXBuildFile; fileRef = 55A295DD2A0CC199004905F1 /* SceneDelegate.swift */; };
		55A295E32A0CC199004905F1 /* Main.storyboard in Resources */ = {isa = PBXBuildFile; fileRef = 55A295E12A0CC199004905F1 /* Main.storyboard */; };
		55A295E52A0CC19B004905F1 /* Assets.xcassets in Resources */ = {isa = PBXBuildFile; fileRef = 55A295E42A0CC19B004905F1 /* Assets.xcassets */; };
		55A295E82A0CC19B004905F1 /* LaunchScreen.storyboard in Resources */ = {isa = PBXBuildFile; fileRef = 55A295E62A0CC19B004905F1 /* LaunchScreen.storyboard */; };
		55A295F02A0CC25C004905F1 /* MainViewController.swift in Sources */ = {isa = PBXBuildFile; fileRef = 55A295EF2A0CC25C004905F1 /* MainViewController.swift */; };
		55AC16B42A0CDB6A00967DB2 /* Alamofire in Frameworks */ = {isa = PBXBuildFile; productRef = 55AC16B32A0CDB6A00967DB2 /* Alamofire */; };
		55AC16BA2A0CDB8F00967DB2 /* SwiftSoup in Frameworks */ = {isa = PBXBuildFile; productRef = 55AC16B92A0CDB8F00967DB2 /* SwiftSoup */; };
		55BDE4322A333F33008ED037 /* StocksDataManager.swift in Sources */ = {isa = PBXBuildFile; fileRef = 55BDE4312A333F33008ED037 /* StocksDataManager.swift */; };
		55BDE4342A334AC5008ED037 /* StocksHelper.swift in Sources */ = {isa = PBXBuildFile; fileRef = 55BDE4332A334AC5008ED037 /* StocksHelper.swift */; };
		55BDE4362A337F88008ED037 /* StocksDataManagerProtocol.swift in Sources */ = {isa = PBXBuildFile; fileRef = 55BDE4352A337F88008ED037 /* StocksDataManagerProtocol.swift */; };
		55BDE4392A34490A008ED037 /* GoogleMobileAds in Frameworks */ = {isa = PBXBuildFile; productRef = 55BDE4382A34490A008ED037 /* GoogleMobileAds */; };
		55BDE43B2A34D27A008ED037 /* NotificationHandler.swift in Sources */ = {isa = PBXBuildFile; fileRef = 55BDE43A2A34D27A008ED037 /* NotificationHandler.swift */; };
		55BDE43F2A34D60B008ED037 /* AdConsentViewController.swift in Sources */ = {isa = PBXBuildFile; fileRef = 55BDE43E2A34D60B008ED037 /* AdConsentViewController.swift */; };
		55C339DC2A0CF67D00D6057E /* HanaBankAPI.swift in Sources */ = {isa = PBXBuildFile; fileRef = 55C339DB2A0CF67D00D6057E /* HanaBankAPI.swift */; };
		55C339DF2A0CFB9C00D6057E /* YahooFinanceAPI.swift in Sources */ = {isa = PBXBuildFile; fileRef = 55C339DE2A0CFB9C00D6057E /* YahooFinanceAPI.swift */; };
		55C339E12A0CFBB700D6057E /* URLSession+AsyncLinux.swift in Sources */ = {isa = PBXBuildFile; fileRef = 55C339E02A0CFBB700D6057E /* URLSession+AsyncLinux.swift */; };
		55C339E32A0CFBCE00D6057E /* ChartRange.swift in Sources */ = {isa = PBXBuildFile; fileRef = 55C339E22A0CFBCE00D6057E /* ChartRange.swift */; };
		55C339E52A0CFBDF00D6057E /* Chart.swift in Sources */ = {isa = PBXBuildFile; fileRef = 55C339E42A0CFBDF00D6057E /* Chart.swift */; };
		55C339E72A0CFBFA00D6057E /* APIError.swift in Sources */ = {isa = PBXBuildFile; fileRef = 55C339E62A0CFBFA00D6057E /* APIError.swift */; };
		55C339F22A0D0CF200D6057E /* HapticsManager.swift in Sources */ = {isa = PBXBuildFile; fileRef = 55C339F12A0D0CF200D6057E /* HapticsManager.swift */; };
		55C339F82A0D17CF00D6057E /* MainViewModel.swift in Sources */ = {isa = PBXBuildFile; fileRef = 55C339F72A0D17CF00D6057E /* MainViewModel.swift */; };
		55C339FC2A0D308D00D6057E /* SingleChartView.swift in Sources */ = {isa = PBXBuildFile; fileRef = 55C339FB2A0D308D00D6057E /* SingleChartView.swift */; };
		55C339FE2A0D5DE100D6057E /* CustomMarkerView.xib in Resources */ = {isa = PBXBuildFile; fileRef = 55C339FD2A0D5DE100D6057E /* CustomMarkerView.xib */; };
		55C33A012A0D5E4900D6057E /* CustomMarkerView.swift in Sources */ = {isa = PBXBuildFile; fileRef = 55C33A002A0D5E4900D6057E /* CustomMarkerView.swift */; };
		55C33A032A0D696000D6057E /* DateValueFormatter.swift in Sources */ = {isa = PBXBuildFile; fileRef = 55C33A022A0D696000D6057E /* DateValueFormatter.swift */; };
		55C33A072A10B91500D6057E /* DualChartView.swift in Sources */ = {isa = PBXBuildFile; fileRef = 55C33A062A10B91500D6057E /* DualChartView.swift */; };
		55EA483A2A30F5120056428A /* SwiftRater in Frameworks */ = {isa = PBXBuildFile; productRef = 55EA48392A30F5120056428A /* SwiftRater */; };
		55EC66092A16837C00134554 /* HanaBankModel.swift in Sources */ = {isa = PBXBuildFile; fileRef = 55EC66082A16837C00134554 /* HanaBankModel.swift */; };
		55EC660B2A16839800134554 /* HanaAPIServiceError.swift in Sources */ = {isa = PBXBuildFile; fileRef = 55EC660A2A16839800134554 /* HanaAPIServiceError.swift */; };
		55F4430A2A16AC1200A4F18E /* Charts in Frameworks */ = {isa = PBXBuildFile; productRef = 55F443092A16AC1200A4F18E /* Charts */; };
/* End PBXBuildFile section */

/* Begin PBXContainerItemProxy section */
		55455DC02A1C953800635F42 /* PBXContainerItemProxy */ = {
			isa = PBXContainerItemProxy;
			containerPortal = 55A295D02A0CC199004905F1 /* Project object */;
			proxyType = 1;
			remoteGlobalIDString = 55A295D72A0CC199004905F1;
			remoteInfo = DollarMoreRefactor;
		};
		55455DCF2A1CB2BB00635F42 /* PBXContainerItemProxy */ = {
			isa = PBXContainerItemProxy;
			containerPortal = 55A295D02A0CC199004905F1 /* Project object */;
			proxyType = 1;
			remoteGlobalIDString = 55A295D72A0CC199004905F1;
			remoteInfo = DollarMoreRefactor;
		};
/* End PBXContainerItemProxy section */

/* Begin PBXFileReference section */
		55455DBC2A1C953800635F42 /* DollarMoreRefactorTests.xctest */ = {isa = PBXFileReference; explicitFileType = wrapper.cfbundle; includeInIndex = 0; path = DollarMoreRefactorTests.xctest; sourceTree = BUILT_PRODUCTS_DIR; };
		55455DBE2A1C953800635F42 /* DollarMoreRefactorTests.swift */ = {isa = PBXFileReference; lastKnownFileType = sourcecode.swift; path = DollarMoreRefactorTests.swift; sourceTree = "<group>"; };
		55455DC92A1CB2BB00635F42 /* DollarMoreRefactorUITests.xctest */ = {isa = PBXFileReference; explicitFileType = wrapper.cfbundle; includeInIndex = 0; path = DollarMoreRefactorUITests.xctest; sourceTree = BUILT_PRODUCTS_DIR; };
		55455DCB2A1CB2BB00635F42 /* DollarMoreRefactorUITests.swift */ = {isa = PBXFileReference; lastKnownFileType = sourcecode.swift; path = DollarMoreRefactorUITests.swift; sourceTree = "<group>"; };
		55455DCD2A1CB2BB00635F42 /* DollarMoreRefactorUITestsLaunchTests.swift */ = {isa = PBXFileReference; lastKnownFileType = sourcecode.swift; path = DollarMoreRefactorUITestsLaunchTests.swift; sourceTree = "<group>"; };
		55455DD72A1DAF6500635F42 /* NewsCell.swift */ = {isa = PBXFileReference; lastKnownFileType = sourcecode.swift; path = NewsCell.swift; sourceTree = "<group>"; };
		55455DD92A1E515500635F42 /* NewsViewController.swift */ = {isa = PBXFileReference; lastKnownFileType = sourcecode.swift; path = NewsViewController.swift; sourceTree = "<group>"; };
		55455DDF2A1F5D3800635F42 /* NewsViewModel.swift */ = {isa = PBXFileReference; lastKnownFileType = sourcecode.swift; path = NewsViewModel.swift; sourceTree = "<group>"; };
		55455DE12A1F5EC900635F42 /* NewsHelpers.swift */ = {isa = PBXFileReference; lastKnownFileType = sourcecode.swift; path = NewsHelpers.swift; sourceTree = "<group>"; };
		55455DE82A226CE100635F42 /* RssParser.swift */ = {isa = PBXFileReference; lastKnownFileType = sourcecode.swift; path = RssParser.swift; sourceTree = "<group>"; };
		5549EFA82A350227003EFFC9 /* GoogleService-Info.plist */ = {isa = PBXFileReference; fileEncoding = 4; lastKnownFileType = text.plist.xml; path = "GoogleService-Info.plist"; sourceTree = "<group>"; };
		5562A51D2A1B3D0300A1F8A8 /* ko */ = {isa = PBXFileReference; lastKnownFileType = file.storyboard; name = ko; path = ko.lproj/LaunchScreen.storyboard; sourceTree = "<group>"; };
		5562A51E2A1B3D0300A1F8A8 /* ko */ = {isa = PBXFileReference; lastKnownFileType = file.storyboard; name = ko; path = ko.lproj/Main.storyboard; sourceTree = "<group>"; };
		55A295D82A0CC199004905F1 /* DollarMoreRefactor.app */ = {isa = PBXFileReference; explicitFileType = wrapper.application; includeInIndex = 0; path = DollarMoreRefactor.app; sourceTree = BUILT_PRODUCTS_DIR; };
		55A295DB2A0CC199004905F1 /* AppDelegate.swift */ = {isa = PBXFileReference; lastKnownFileType = sourcecode.swift; path = AppDelegate.swift; sourceTree = "<group>"; };
		55A295DD2A0CC199004905F1 /* SceneDelegate.swift */ = {isa = PBXFileReference; lastKnownFileType = sourcecode.swift; path = SceneDelegate.swift; sourceTree = "<group>"; };
		55A295E42A0CC19B004905F1 /* Assets.xcassets */ = {isa = PBXFileReference; lastKnownFileType = folder.assetcatalog; path = Assets.xcassets; sourceTree = "<group>"; };
		55A295E92A0CC19B004905F1 /* Info.plist */ = {isa = PBXFileReference; lastKnownFileType = text.plist.xml; path = Info.plist; sourceTree = "<group>"; };
		55A295EF2A0CC25C004905F1 /* MainViewController.swift */ = {isa = PBXFileReference; fileEncoding = 4; lastKnownFileType = sourcecode.swift; path = MainViewController.swift; sourceTree = "<group>"; };
		55BDE4312A333F33008ED037 /* StocksDataManager.swift */ = {isa = PBXFileReference; lastKnownFileType = sourcecode.swift; path = StocksDataManager.swift; sourceTree = "<group>"; };
		55BDE4332A334AC5008ED037 /* StocksHelper.swift */ = {isa = PBXFileReference; lastKnownFileType = sourcecode.swift; path = StocksHelper.swift; sourceTree = "<group>"; };
		55BDE4352A337F88008ED037 /* StocksDataManagerProtocol.swift */ = {isa = PBXFileReference; lastKnownFileType = sourcecode.swift; path = StocksDataManagerProtocol.swift; sourceTree = "<group>"; };
		55BDE43A2A34D27A008ED037 /* NotificationHandler.swift */ = {isa = PBXFileReference; lastKnownFileType = sourcecode.swift; path = NotificationHandler.swift; sourceTree = "<group>"; };
		55BDE43E2A34D60B008ED037 /* AdConsentViewController.swift */ = {isa = PBXFileReference; lastKnownFileType = sourcecode.swift; path = AdConsentViewController.swift; sourceTree = "<group>"; };
		55C339DB2A0CF67D00D6057E /* HanaBankAPI.swift */ = {isa = PBXFileReference; lastKnownFileType = sourcecode.swift; path = HanaBankAPI.swift; sourceTree = "<group>"; };
		55C339DE2A0CFB9C00D6057E /* YahooFinanceAPI.swift */ = {isa = PBXFileReference; lastKnownFileType = sourcecode.swift; path = YahooFinanceAPI.swift; sourceTree = "<group>"; };
		55C339E02A0CFBB700D6057E /* URLSession+AsyncLinux.swift */ = {isa = PBXFileReference; lastKnownFileType = sourcecode.swift; path = "URLSession+AsyncLinux.swift"; sourceTree = "<group>"; };
		55C339E22A0CFBCE00D6057E /* ChartRange.swift */ = {isa = PBXFileReference; lastKnownFileType = sourcecode.swift; path = ChartRange.swift; sourceTree = "<group>"; };
		55C339E42A0CFBDF00D6057E /* Chart.swift */ = {isa = PBXFileReference; lastKnownFileType = sourcecode.swift; path = Chart.swift; sourceTree = "<group>"; };
		55C339E62A0CFBFA00D6057E /* APIError.swift */ = {isa = PBXFileReference; lastKnownFileType = sourcecode.swift; path = APIError.swift; sourceTree = "<group>"; };
		55C339F12A0D0CF200D6057E /* HapticsManager.swift */ = {isa = PBXFileReference; lastKnownFileType = sourcecode.swift; path = HapticsManager.swift; sourceTree = "<group>"; };
		55C339F72A0D17CF00D6057E /* MainViewModel.swift */ = {isa = PBXFileReference; lastKnownFileType = sourcecode.swift; path = MainViewModel.swift; sourceTree = "<group>"; };
		55C339F92A0D1DE400D6057E /* SpoqaHanSansNeo-Bold.otf */ = {isa = PBXFileReference; lastKnownFileType = file; path = "SpoqaHanSansNeo-Bold.otf"; sourceTree = "<group>"; };
		55C339FB2A0D308D00D6057E /* SingleChartView.swift */ = {isa = PBXFileReference; lastKnownFileType = sourcecode.swift; path = SingleChartView.swift; sourceTree = "<group>"; };
		55C339FD2A0D5DE100D6057E /* CustomMarkerView.xib */ = {isa = PBXFileReference; fileEncoding = 4; lastKnownFileType = file.xib; path = CustomMarkerView.xib; sourceTree = "<group>"; };
		55C33A002A0D5E4900D6057E /* CustomMarkerView.swift */ = {isa = PBXFileReference; lastKnownFileType = sourcecode.swift; path = CustomMarkerView.swift; sourceTree = "<group>"; };
		55C33A022A0D696000D6057E /* DateValueFormatter.swift */ = {isa = PBXFileReference; lastKnownFileType = sourcecode.swift; path = DateValueFormatter.swift; sourceTree = "<group>"; };
		55C33A062A10B91500D6057E /* DualChartView.swift */ = {isa = PBXFileReference; lastKnownFileType = sourcecode.swift; path = DualChartView.swift; sourceTree = "<group>"; };
		55EC66082A16837C00134554 /* HanaBankModel.swift */ = {isa = PBXFileReference; lastKnownFileType = sourcecode.swift; path = HanaBankModel.swift; sourceTree = "<group>"; };
		55EC660A2A16839800134554 /* HanaAPIServiceError.swift */ = {isa = PBXFileReference; lastKnownFileType = sourcecode.swift; path = HanaAPIServiceError.swift; sourceTree = "<group>"; };
/* End PBXFileReference section */

/* Begin PBXFrameworksBuildPhase section */
		55455DB92A1C953800635F42 /* Frameworks */ = {
			isa = PBXFrameworksBuildPhase;
			buildActionMask = 2147483647;
			files = (
				553C445E2A383B7F00E3C1D0 /* FirebaseAnalyticsSwift in Frameworks */,
			);
			runOnlyForDeploymentPostprocessing = 0;
		};
		55455DC62A1CB2BB00635F42 /* Frameworks */ = {
			isa = PBXFrameworksBuildPhase;
			buildActionMask = 2147483647;
			files = (
			);
			runOnlyForDeploymentPostprocessing = 0;
		};
		55A295D52A0CC199004905F1 /* Frameworks */ = {
			isa = PBXFrameworksBuildPhase;
			buildActionMask = 2147483647;
			files = (
				5549EFA72A34FF92003EFFC9 /* FirebaseAnalytics in Frameworks */,
				55BDE4392A34490A008ED037 /* GoogleMobileAds in Frameworks */,
				55AC16B42A0CDB6A00967DB2 /* Alamofire in Frameworks */,
				55AC16BA2A0CDB8F00967DB2 /* SwiftSoup in Frameworks */,
				55F4430A2A16AC1200A4F18E /* Charts in Frameworks */,
				55EA483A2A30F5120056428A /* SwiftRater in Frameworks */,
				55455DE52A2193B600635F42 /* AlamofireRSSParser in Frameworks */,
			);
			runOnlyForDeploymentPostprocessing = 0;
		};
/* End PBXFrameworksBuildPhase section */

/* Begin PBXGroup section */
		55455DBD2A1C953800635F42 /* DollarMoreRefactorTests */ = {
			isa = PBXGroup;
			children = (
				55455DBE2A1C953800635F42 /* DollarMoreRefactorTests.swift */,
			);
			path = DollarMoreRefactorTests;
			sourceTree = "<group>";
		};
		55455DCA2A1CB2BB00635F42 /* DollarMoreRefactorUITests */ = {
			isa = PBXGroup;
			children = (
				55455DCB2A1CB2BB00635F42 /* DollarMoreRefactorUITests.swift */,
				55455DCD2A1CB2BB00635F42 /* DollarMoreRefactorUITestsLaunchTests.swift */,
			);
			path = DollarMoreRefactorUITests;
			sourceTree = "<group>";
		};
		55455DD42A1DAAFA00635F42 /* News */ = {
			isa = PBXGroup;
			children = (
				55455DD72A1DAF6500635F42 /* NewsCell.swift */,
				55455DD92A1E515500635F42 /* NewsViewController.swift */,
				55455DDF2A1F5D3800635F42 /* NewsViewModel.swift */,
				55455DE12A1F5EC900635F42 /* NewsHelpers.swift */,
				55455DE82A226CE100635F42 /* RssParser.swift */,
			);
			path = News;
			sourceTree = "<group>";
		};
		5549EFA52A34FF92003EFFC9 /* Frameworks */ = {
			isa = PBXGroup;
			children = (
			);
			name = Frameworks;
			sourceTree = "<group>";
		};
		55A295CF2A0CC199004905F1 = {
			isa = PBXGroup;
			children = (
				55A295DA2A0CC199004905F1 /* DollarMoreRefactor */,
				55455DBD2A1C953800635F42 /* DollarMoreRefactorTests */,
				55455DCA2A1CB2BB00635F42 /* DollarMoreRefactorUITests */,
				55A295D92A0CC199004905F1 /* Products */,
				5549EFA52A34FF92003EFFC9 /* Frameworks */,
			);
			sourceTree = "<group>";
		};
		55A295D92A0CC199004905F1 /* Products */ = {
			isa = PBXGroup;
			children = (
				55A295D82A0CC199004905F1 /* DollarMoreRefactor.app */,
				55455DBC2A1C953800635F42 /* DollarMoreRefactorTests.xctest */,
				55455DC92A1CB2BB00635F42 /* DollarMoreRefactorUITests.xctest */,
			);
			name = Products;
			sourceTree = "<group>";
		};
		55A295DA2A0CC199004905F1 /* DollarMoreRefactor */ = {
			isa = PBXGroup;
			children = (
				55455DD42A1DAAFA00635F42 /* News */,
				55C339F52A0D0D3900D6057E /* APIs */,
				55C339EC2A0D0CC600D6057E /* Models */,
				55C339EA2A0D0C9400D6057E /* Views */,
				55C339F62A0D0D5800D6057E /* ViewModels */,
				55C339E92A0D0C7C00D6057E /* Other */,
				55A295E42A0CC19B004905F1 /* Assets.xcassets */,
				5549EFA82A350227003EFFC9 /* GoogleService-Info.plist */,
				55A295E92A0CC19B004905F1 /* Info.plist */,
			);
			path = DollarMoreRefactor;
			sourceTree = "<group>";
		};
		55C339DD2A0CFB8300D6057E /* YahooFinanceAPI */ = {
			isa = PBXGroup;
			children = (
				55C339DE2A0CFB9C00D6057E /* YahooFinanceAPI.swift */,
				55C339E02A0CFBB700D6057E /* URLSession+AsyncLinux.swift */,
				55C339E22A0CFBCE00D6057E /* ChartRange.swift */,
				55C339E42A0CFBDF00D6057E /* Chart.swift */,
				55C339E62A0CFBFA00D6057E /* APIError.swift */,
			);
			path = YahooFinanceAPI;
			sourceTree = "<group>";
		};
		55C339E82A0CFCAD00D6057E /* HanaBankAPI */ = {
			isa = PBXGroup;
			children = (
				55C339DB2A0CF67D00D6057E /* HanaBankAPI.swift */,
				55EC66082A16837C00134554 /* HanaBankModel.swift */,
				55EC660A2A16839800134554 /* HanaAPIServiceError.swift */,
			);
			path = HanaBankAPI;
			sourceTree = "<group>";
		};
		55C339E92A0D0C7C00D6057E /* Other */ = {
			isa = PBXGroup;
			children = (
				55BDE43E2A34D60B008ED037 /* AdConsentViewController.swift */,
				55BDE43A2A34D27A008ED037 /* NotificationHandler.swift */,
				55A295DD2A0CC199004905F1 /* SceneDelegate.swift */,
				55A295DB2A0CC199004905F1 /* AppDelegate.swift */,
				55C339FA2A0D1E0700D6057E /* Resources */,
			);
			path = Other;
			sourceTree = "<group>";
		};
		55C339EA2A0D0C9400D6057E /* Views */ = {
			isa = PBXGroup;
			children = (
				55A295E62A0CC19B004905F1 /* LaunchScreen.storyboard */,
				55A295E12A0CC199004905F1 /* Main.storyboard */,
				55A295EF2A0CC25C004905F1 /* MainViewController.swift */,
				55C339FB2A0D308D00D6057E /* SingleChartView.swift */,
				55C33A062A10B91500D6057E /* DualChartView.swift */,
				55C339FD2A0D5DE100D6057E /* CustomMarkerView.xib */,
				55C33A002A0D5E4900D6057E /* CustomMarkerView.swift */,
			);
			path = Views;
			sourceTree = "<group>";
		};
		55C339EC2A0D0CC600D6057E /* Models */ = {
			isa = PBXGroup;
			children = (
				55C339F12A0D0CF200D6057E /* HapticsManager.swift */,
				55BDE4312A333F33008ED037 /* StocksDataManager.swift */,
				55BDE4352A337F88008ED037 /* StocksDataManagerProtocol.swift */,
				55BDE4332A334AC5008ED037 /* StocksHelper.swift */,
			);
			path = Models;
			sourceTree = "<group>";
		};
		55C339F52A0D0D3900D6057E /* APIs */ = {
			isa = PBXGroup;
			children = (
				55C339E82A0CFCAD00D6057E /* HanaBankAPI */,
				55C339DD2A0CFB8300D6057E /* YahooFinanceAPI */,
			);
			path = APIs;
			sourceTree = "<group>";
		};
		55C339F62A0D0D5800D6057E /* ViewModels */ = {
			isa = PBXGroup;
			children = (
				55C339F72A0D17CF00D6057E /* MainViewModel.swift */,
				55C33A022A0D696000D6057E /* DateValueFormatter.swift */,
			);
			path = ViewModels;
			sourceTree = "<group>";
		};
		55C339FA2A0D1E0700D6057E /* Resources */ = {
			isa = PBXGroup;
			children = (
				55C339F92A0D1DE400D6057E /* SpoqaHanSansNeo-Bold.otf */,
			);
			path = Resources;
			sourceTree = "<group>";
		};
/* End PBXGroup section */

/* Begin PBXNativeTarget section */
		55455DBB2A1C953800635F42 /* DollarMoreRefactorTests */ = {
			isa = PBXNativeTarget;
			buildConfigurationList = 55455DC42A1C953800635F42 /* Build configuration list for PBXNativeTarget "DollarMoreRefactorTests" */;
			buildPhases = (
				55455DB82A1C953800635F42 /* Sources */,
				55455DB92A1C953800635F42 /* Frameworks */,
				55455DBA2A1C953800635F42 /* Resources */,
			);
			buildRules = (
			);
			dependencies = (
				55455DC12A1C953800635F42 /* PBXTargetDependency */,
			);
			name = DollarMoreRefactorTests;
			packageProductDependencies = (
				553C445D2A383B7F00E3C1D0 /* FirebaseAnalyticsSwift */,
			);
			productName = DollarMoreRefactorTests;
			productReference = 55455DBC2A1C953800635F42 /* DollarMoreRefactorTests.xctest */;
			productType = "com.apple.product-type.bundle.unit-test";
		};
		55455DC82A1CB2BB00635F42 /* DollarMoreRefactorUITests */ = {
			isa = PBXNativeTarget;
			buildConfigurationList = 55455DD12A1CB2BB00635F42 /* Build configuration list for PBXNativeTarget "DollarMoreRefactorUITests" */;
			buildPhases = (
				55455DC52A1CB2BB00635F42 /* Sources */,
				55455DC62A1CB2BB00635F42 /* Frameworks */,
				55455DC72A1CB2BB00635F42 /* Resources */,
			);
			buildRules = (
			);
			dependencies = (
				55455DD02A1CB2BB00635F42 /* PBXTargetDependency */,
			);
			name = DollarMoreRefactorUITests;
			productName = DollarMoreRefactorUITests;
			productReference = 55455DC92A1CB2BB00635F42 /* DollarMoreRefactorUITests.xctest */;
			productType = "com.apple.product-type.bundle.ui-testing";
		};
		55A295D72A0CC199004905F1 /* DollarMoreRefactor */ = {
			isa = PBXNativeTarget;
			buildConfigurationList = 55A295EC2A0CC19B004905F1 /* Build configuration list for PBXNativeTarget "DollarMoreRefactor" */;
			buildPhases = (
				55A295D42A0CC199004905F1 /* Sources */,
				55A295D52A0CC199004905F1 /* Frameworks */,
				55A295D62A0CC199004905F1 /* Resources */,
			);
			buildRules = (
			);
			dependencies = (
			);
			name = DollarMoreRefactor;
			packageProductDependencies = (
				55AC16B32A0CDB6A00967DB2 /* Alamofire */,
				55AC16B92A0CDB8F00967DB2 /* SwiftSoup */,
				55F443092A16AC1200A4F18E /* Charts */,
				55455DE42A2193B600635F42 /* AlamofireRSSParser */,
				55EA48392A30F5120056428A /* SwiftRater */,
				55BDE4382A34490A008ED037 /* GoogleMobileAds */,
				5549EFA62A34FF92003EFFC9 /* FirebaseAnalytics */,
			);
			productName = DollarMoreRefactor;
			productReference = 55A295D82A0CC199004905F1 /* DollarMoreRefactor.app */;
			productType = "com.apple.product-type.application";
		};
/* End PBXNativeTarget section */

/* Begin PBXProject section */
		55A295D02A0CC199004905F1 /* Project object */ = {
			isa = PBXProject;
			attributes = {
				BuildIndependentTargetsInParallel = 1;
				LastSwiftUpdateCheck = 1430;
				LastUpgradeCheck = 1430;
				TargetAttributes = {
					55455DBB2A1C953800635F42 = {
						CreatedOnToolsVersion = 14.3;
						TestTargetID = 55A295D72A0CC199004905F1;
					};
					55455DC82A1CB2BB00635F42 = {
						CreatedOnToolsVersion = 14.3;
						TestTargetID = 55A295D72A0CC199004905F1;
					};
					55A295D72A0CC199004905F1 = {
						CreatedOnToolsVersion = 14.3;
					};
				};
			};
			buildConfigurationList = 55A295D32A0CC199004905F1 /* Build configuration list for PBXProject "DollarMoreRefactor" */;
			compatibilityVersion = "Xcode 14.0";
			developmentRegion = ko;
			hasScannedForEncodings = 0;
			knownRegions = (
				ko,
			);
			mainGroup = 55A295CF2A0CC199004905F1;
			packageReferences = (
				55AC16B22A0CDB6A00967DB2 /* XCRemoteSwiftPackageReference "Alamofire" */,
				55AC16B82A0CDB8F00967DB2 /* XCRemoteSwiftPackageReference "SwiftSoup" */,
				55F443082A16AC1200A4F18E /* XCRemoteSwiftPackageReference "Charts" */,
				55455DE32A2193B600635F42 /* XCRemoteSwiftPackageReference "AlamofireRSSParser" */,
				55EA48382A30F5120056428A /* XCRemoteSwiftPackageReference "SwiftRater" */,
				55BDE4372A34490A008ED037 /* XCRemoteSwiftPackageReference "swift-package-manager-google-mobile-ads" */,
				5549EFA22A34FDB6003EFFC9 /* XCRemoteSwiftPackageReference "firebase-ios-sdk" */,
			);
			productRefGroup = 55A295D92A0CC199004905F1 /* Products */;
			projectDirPath = "";
			projectRoot = "";
			targets = (
				55A295D72A0CC199004905F1 /* DollarMoreRefactor */,
				55455DBB2A1C953800635F42 /* DollarMoreRefactorTests */,
				55455DC82A1CB2BB00635F42 /* DollarMoreRefactorUITests */,
			);
		};
/* End PBXProject section */

/* Begin PBXResourcesBuildPhase section */
		55455DBA2A1C953800635F42 /* Resources */ = {
			isa = PBXResourcesBuildPhase;
			buildActionMask = 2147483647;
			files = (
			);
			runOnlyForDeploymentPostprocessing = 0;
		};
		55455DC72A1CB2BB00635F42 /* Resources */ = {
			isa = PBXResourcesBuildPhase;
			buildActionMask = 2147483647;
			files = (
			);
			runOnlyForDeploymentPostprocessing = 0;
		};
		55A295D62A0CC199004905F1 /* Resources */ = {
			isa = PBXResourcesBuildPhase;
			buildActionMask = 2147483647;
			files = (
				55A295E82A0CC19B004905F1 /* LaunchScreen.storyboard in Resources */,
				55C339FE2A0D5DE100D6057E /* CustomMarkerView.xib in Resources */,
				5549EFA92A350227003EFFC9 /* GoogleService-Info.plist in Resources */,
				55A295E52A0CC19B004905F1 /* Assets.xcassets in Resources */,
				55A295E32A0CC199004905F1 /* Main.storyboard in Resources */,
			);
			runOnlyForDeploymentPostprocessing = 0;
		};
/* End PBXResourcesBuildPhase section */

/* Begin PBXSourcesBuildPhase section */
		55455DB82A1C953800635F42 /* Sources */ = {
			isa = PBXSourcesBuildPhase;
			buildActionMask = 2147483647;
			files = (
				55455DBF2A1C953800635F42 /* DollarMoreRefactorTests.swift in Sources */,
			);
			runOnlyForDeploymentPostprocessing = 0;
		};
		55455DC52A1CB2BB00635F42 /* Sources */ = {
			isa = PBXSourcesBuildPhase;
			buildActionMask = 2147483647;
			files = (
				55455DCC2A1CB2BB00635F42 /* DollarMoreRefactorUITests.swift in Sources */,
				55455DCE2A1CB2BB00635F42 /* DollarMoreRefactorUITestsLaunchTests.swift in Sources */,
			);
			runOnlyForDeploymentPostprocessing = 0;
		};
		55A295D42A0CC199004905F1 /* Sources */ = {
			isa = PBXSourcesBuildPhase;
			buildActionMask = 2147483647;
			files = (
				55EC660B2A16839800134554 /* HanaAPIServiceError.swift in Sources */,
				55455DE22A1F5ECA00635F42 /* NewsHelpers.swift in Sources */,
				55C33A032A0D696000D6057E /* DateValueFormatter.swift in Sources */,
				55C339DC2A0CF67D00D6057E /* HanaBankAPI.swift in Sources */,
				55BDE4342A334AC5008ED037 /* StocksHelper.swift in Sources */,
				55455DDA2A1E515500635F42 /* NewsViewController.swift in Sources */,
				55C339E32A0CFBCE00D6057E /* ChartRange.swift in Sources */,
				55C339E72A0CFBFA00D6057E /* APIError.swift in Sources */,
				55BDE4322A333F33008ED037 /* StocksDataManager.swift in Sources */,
				55BDE43F2A34D60B008ED037 /* AdConsentViewController.swift in Sources */,
				55C33A012A0D5E4900D6057E /* CustomMarkerView.swift in Sources */,
				55EC66092A16837C00134554 /* HanaBankModel.swift in Sources */,
				55C339F22A0D0CF200D6057E /* HapticsManager.swift in Sources */,
				55C339DF2A0CFB9C00D6057E /* YahooFinanceAPI.swift in Sources */,
				55A295DC2A0CC199004905F1 /* AppDelegate.swift in Sources */,
				55455DD82A1DAF6500635F42 /* NewsCell.swift in Sources */,
				55C339E12A0CFBB700D6057E /* URLSession+AsyncLinux.swift in Sources */,
				55C33A072A10B91500D6057E /* DualChartView.swift in Sources */,
				55A295DE2A0CC199004905F1 /* SceneDelegate.swift in Sources */,
				55455DE02A1F5D3800635F42 /* NewsViewModel.swift in Sources */,
				55C339E52A0CFBDF00D6057E /* Chart.swift in Sources */,
				55C339FC2A0D308D00D6057E /* SingleChartView.swift in Sources */,
				55A295F02A0CC25C004905F1 /* MainViewController.swift in Sources */,
				55C339F82A0D17CF00D6057E /* MainViewModel.swift in Sources */,
				55455DE92A226CE100635F42 /* RssParser.swift in Sources */,
				55BDE4362A337F88008ED037 /* StocksDataManagerProtocol.swift in Sources */,
				55BDE43B2A34D27A008ED037 /* NotificationHandler.swift in Sources */,
			);
			runOnlyForDeploymentPostprocessing = 0;
		};
/* End PBXSourcesBuildPhase section */

/* Begin PBXTargetDependency section */
		55455DC12A1C953800635F42 /* PBXTargetDependency */ = {
			isa = PBXTargetDependency;
			target = 55A295D72A0CC199004905F1 /* DollarMoreRefactor */;
			targetProxy = 55455DC02A1C953800635F42 /* PBXContainerItemProxy */;
		};
		55455DD02A1CB2BB00635F42 /* PBXTargetDependency */ = {
			isa = PBXTargetDependency;
			target = 55A295D72A0CC199004905F1 /* DollarMoreRefactor */;
			targetProxy = 55455DCF2A1CB2BB00635F42 /* PBXContainerItemProxy */;
		};
/* End PBXTargetDependency section */

/* Begin PBXVariantGroup section */
		55A295E12A0CC199004905F1 /* Main.storyboard */ = {
			isa = PBXVariantGroup;
			children = (
				5562A51E2A1B3D0300A1F8A8 /* ko */,
			);
			name = Main.storyboard;
			sourceTree = "<group>";
		};
		55A295E62A0CC19B004905F1 /* LaunchScreen.storyboard */ = {
			isa = PBXVariantGroup;
			children = (
				5562A51D2A1B3D0300A1F8A8 /* ko */,
			);
			name = LaunchScreen.storyboard;
			sourceTree = "<group>";
		};
/* End PBXVariantGroup section */

/* Begin XCBuildConfiguration section */
		55455DC22A1C953800635F42 /* Debug */ = {
			isa = XCBuildConfiguration;
			buildSettings = {
				BUNDLE_LOADER = "$(TEST_HOST)";
				CODE_SIGN_STYLE = Automatic;
				CURRENT_PROJECT_VERSION = 1;
				DEVELOPMENT_TEAM = VJ2VF4KUF7;
				GENERATE_INFOPLIST_FILE = YES;
				IPHONEOS_DEPLOYMENT_TARGET = 15.0;
				MARKETING_VERSION = 1.0;
				PRODUCT_BUNDLE_IDENTIFIER = Jimmy.DollarMoreRefactorTests;
				PRODUCT_NAME = "$(TARGET_NAME)";
				SWIFT_EMIT_LOC_STRINGS = NO;
				SWIFT_VERSION = 5.0;
				TARGETED_DEVICE_FAMILY = "1,2";
				TEST_HOST = "$(BUILT_PRODUCTS_DIR)/DollarMoreRefactor.app/$(BUNDLE_EXECUTABLE_FOLDER_PATH)/DollarMoreRefactor";
			};
			name = Debug;
		};
		55455DC32A1C953800635F42 /* Release */ = {
			isa = XCBuildConfiguration;
			buildSettings = {
				BUNDLE_LOADER = "$(TEST_HOST)";
				CODE_SIGN_STYLE = Automatic;
				CURRENT_PROJECT_VERSION = 1;
				DEVELOPMENT_TEAM = VJ2VF4KUF7;
				GENERATE_INFOPLIST_FILE = YES;
				IPHONEOS_DEPLOYMENT_TARGET = 15.0;
				MARKETING_VERSION = 1.0;
				PRODUCT_BUNDLE_IDENTIFIER = Jimmy.DollarMoreRefactorTests;
				PRODUCT_NAME = "$(TARGET_NAME)";
				SWIFT_EMIT_LOC_STRINGS = NO;
				SWIFT_VERSION = 5.0;
				TARGETED_DEVICE_FAMILY = "1,2";
				TEST_HOST = "$(BUILT_PRODUCTS_DIR)/DollarMoreRefactor.app/$(BUNDLE_EXECUTABLE_FOLDER_PATH)/DollarMoreRefactor";
			};
			name = Release;
		};
		55455DD22A1CB2BB00635F42 /* Debug */ = {
			isa = XCBuildConfiguration;
			buildSettings = {
				CODE_SIGN_STYLE = Automatic;
				CURRENT_PROJECT_VERSION = 1;
				DEVELOPMENT_TEAM = VJ2VF4KUF7;
				GENERATE_INFOPLIST_FILE = YES;
				IPHONEOS_DEPLOYMENT_TARGET = 15.0;
				MARKETING_VERSION = 1.0;
				PRODUCT_BUNDLE_IDENTIFIER = Jimmy.DollarMoreRefactorUITests;
				PRODUCT_NAME = "$(TARGET_NAME)";
				SWIFT_EMIT_LOC_STRINGS = NO;
				SWIFT_VERSION = 5.0;
				TARGETED_DEVICE_FAMILY = "1,2";
				TEST_TARGET_NAME = DollarMoreRefactor;
			};
			name = Debug;
		};
		55455DD32A1CB2BB00635F42 /* Release */ = {
			isa = XCBuildConfiguration;
			buildSettings = {
				CODE_SIGN_STYLE = Automatic;
				CURRENT_PROJECT_VERSION = 1;
				DEVELOPMENT_TEAM = VJ2VF4KUF7;
				GENERATE_INFOPLIST_FILE = YES;
				IPHONEOS_DEPLOYMENT_TARGET = 15.0;
				MARKETING_VERSION = 1.0;
				PRODUCT_BUNDLE_IDENTIFIER = Jimmy.DollarMoreRefactorUITests;
				PRODUCT_NAME = "$(TARGET_NAME)";
				SWIFT_EMIT_LOC_STRINGS = NO;
				SWIFT_VERSION = 5.0;
				TARGETED_DEVICE_FAMILY = "1,2";
				TEST_TARGET_NAME = DollarMoreRefactor;
			};
			name = Release;
		};
		55A295EA2A0CC19B004905F1 /* Debug */ = {
			isa = XCBuildConfiguration;
			buildSettings = {
				ALWAYS_SEARCH_USER_PATHS = NO;
				CLANG_ANALYZER_LOCALIZABILITY_NONLOCALIZED = YES;
				CLANG_ANALYZER_NONNULL = YES;
				CLANG_ANALYZER_NUMBER_OBJECT_CONVERSION = YES_AGGRESSIVE;
				CLANG_CXX_LANGUAGE_STANDARD = "gnu++20";
				CLANG_ENABLE_MODULES = YES;
				CLANG_ENABLE_OBJC_ARC = YES;
				CLANG_ENABLE_OBJC_WEAK = YES;
				CLANG_WARN_BLOCK_CAPTURE_AUTORELEASING = YES;
				CLANG_WARN_BOOL_CONVERSION = YES;
				CLANG_WARN_COMMA = YES;
				CLANG_WARN_CONSTANT_CONVERSION = YES;
				CLANG_WARN_DEPRECATED_OBJC_IMPLEMENTATIONS = YES;
				CLANG_WARN_DIRECT_OBJC_ISA_USAGE = YES_ERROR;
				CLANG_WARN_DOCUMENTATION_COMMENTS = YES;
				CLANG_WARN_EMPTY_BODY = YES;
				CLANG_WARN_ENUM_CONVERSION = YES;
				CLANG_WARN_INFINITE_RECURSION = YES;
				CLANG_WARN_INT_CONVERSION = YES;
				CLANG_WARN_NON_LITERAL_NULL_CONVERSION = YES;
				CLANG_WARN_OBJC_IMPLICIT_RETAIN_SELF = YES;
				CLANG_WARN_OBJC_LITERAL_CONVERSION = YES;
				CLANG_WARN_OBJC_ROOT_CLASS = YES_ERROR;
				CLANG_WARN_QUOTED_INCLUDE_IN_FRAMEWORK_HEADER = YES;
				CLANG_WARN_RANGE_LOOP_ANALYSIS = YES;
				CLANG_WARN_STRICT_PROTOTYPES = YES;
				CLANG_WARN_SUSPICIOUS_MOVE = YES;
				CLANG_WARN_UNGUARDED_AVAILABILITY = YES_AGGRESSIVE;
				CLANG_WARN_UNREACHABLE_CODE = YES;
				CLANG_WARN__DUPLICATE_METHOD_MATCH = YES;
				COPY_PHASE_STRIP = NO;
				DEBUG_INFORMATION_FORMAT = dwarf;
				ENABLE_STRICT_OBJC_MSGSEND = YES;
				ENABLE_TESTABILITY = YES;
				GCC_C_LANGUAGE_STANDARD = gnu11;
				GCC_DYNAMIC_NO_PIC = NO;
				GCC_NO_COMMON_BLOCKS = YES;
				GCC_OPTIMIZATION_LEVEL = 0;
				GCC_PREPROCESSOR_DEFINITIONS = (
					"DEBUG=1",
					"$(inherited)",
				);
				GCC_WARN_64_TO_32_BIT_CONVERSION = YES;
				GCC_WARN_ABOUT_RETURN_TYPE = YES_ERROR;
				GCC_WARN_UNDECLARED_SELECTOR = YES;
				GCC_WARN_UNINITIALIZED_AUTOS = YES_AGGRESSIVE;
				GCC_WARN_UNUSED_FUNCTION = YES;
				GCC_WARN_UNUSED_VARIABLE = YES;
				INFOPLIST_KEY_CFBundleDisplayName = "달러모아";
				IPHONEOS_DEPLOYMENT_TARGET = 15.0;
				MTL_ENABLE_DEBUG_INFO = INCLUDE_SOURCE;
				MTL_FAST_MATH = YES;
				ONLY_ACTIVE_ARCH = YES;
				SDKROOT = iphoneos;
				SWIFT_ACTIVE_COMPILATION_CONDITIONS = DEBUG;
				SWIFT_OPTIMIZATION_LEVEL = "-Onone";
			};
			name = Debug;
		};
		55A295EB2A0CC19B004905F1 /* Release */ = {
			isa = XCBuildConfiguration;
			buildSettings = {
				ALWAYS_SEARCH_USER_PATHS = NO;
				CLANG_ANALYZER_LOCALIZABILITY_NONLOCALIZED = YES;
				CLANG_ANALYZER_NONNULL = YES;
				CLANG_ANALYZER_NUMBER_OBJECT_CONVERSION = YES_AGGRESSIVE;
				CLANG_CXX_LANGUAGE_STANDARD = "gnu++20";
				CLANG_ENABLE_MODULES = YES;
				CLANG_ENABLE_OBJC_ARC = YES;
				CLANG_ENABLE_OBJC_WEAK = YES;
				CLANG_WARN_BLOCK_CAPTURE_AUTORELEASING = YES;
				CLANG_WARN_BOOL_CONVERSION = YES;
				CLANG_WARN_COMMA = YES;
				CLANG_WARN_CONSTANT_CONVERSION = YES;
				CLANG_WARN_DEPRECATED_OBJC_IMPLEMENTATIONS = YES;
				CLANG_WARN_DIRECT_OBJC_ISA_USAGE = YES_ERROR;
				CLANG_WARN_DOCUMENTATION_COMMENTS = YES;
				CLANG_WARN_EMPTY_BODY = YES;
				CLANG_WARN_ENUM_CONVERSION = YES;
				CLANG_WARN_INFINITE_RECURSION = YES;
				CLANG_WARN_INT_CONVERSION = YES;
				CLANG_WARN_NON_LITERAL_NULL_CONVERSION = YES;
				CLANG_WARN_OBJC_IMPLICIT_RETAIN_SELF = YES;
				CLANG_WARN_OBJC_LITERAL_CONVERSION = YES;
				CLANG_WARN_OBJC_ROOT_CLASS = YES_ERROR;
				CLANG_WARN_QUOTED_INCLUDE_IN_FRAMEWORK_HEADER = YES;
				CLANG_WARN_RANGE_LOOP_ANALYSIS = YES;
				CLANG_WARN_STRICT_PROTOTYPES = YES;
				CLANG_WARN_SUSPICIOUS_MOVE = YES;
				CLANG_WARN_UNGUARDED_AVAILABILITY = YES_AGGRESSIVE;
				CLANG_WARN_UNREACHABLE_CODE = YES;
				CLANG_WARN__DUPLICATE_METHOD_MATCH = YES;
				COPY_PHASE_STRIP = NO;
				DEBUG_INFORMATION_FORMAT = "dwarf-with-dsym";
				ENABLE_NS_ASSERTIONS = NO;
				ENABLE_STRICT_OBJC_MSGSEND = YES;
				GCC_C_LANGUAGE_STANDARD = gnu11;
				GCC_NO_COMMON_BLOCKS = YES;
				GCC_WARN_64_TO_32_BIT_CONVERSION = YES;
				GCC_WARN_ABOUT_RETURN_TYPE = YES_ERROR;
				GCC_WARN_UNDECLARED_SELECTOR = YES;
				GCC_WARN_UNINITIALIZED_AUTOS = YES_AGGRESSIVE;
				GCC_WARN_UNUSED_FUNCTION = YES;
				GCC_WARN_UNUSED_VARIABLE = YES;
				INFOPLIST_KEY_CFBundleDisplayName = "달러모아";
				IPHONEOS_DEPLOYMENT_TARGET = 15.0;
				MTL_ENABLE_DEBUG_INFO = NO;
				MTL_FAST_MATH = YES;
				SDKROOT = iphoneos;
				SWIFT_COMPILATION_MODE = wholemodule;
				SWIFT_OPTIMIZATION_LEVEL = "-O";
				VALIDATE_PRODUCT = YES;
			};
			name = Release;
		};
		55A295ED2A0CC19B004905F1 /* Debug */ = {
			isa = XCBuildConfiguration;
			buildSettings = {
				ALLOW_TARGET_PLATFORM_SPECIALIZATION = YES;
				ASSETCATALOG_COMPILER_APPICON_NAME = AppIcon;
				ASSETCATALOG_COMPILER_GLOBAL_ACCENT_COLOR_NAME = AccentColor;
				CODE_SIGN_STYLE = Automatic;
				CURRENT_PROJECT_VERSION = 20230613;
				DEVELOPMENT_TEAM = VJ2VF4KUF7;
				GENERATE_INFOPLIST_FILE = YES;
				INFOPLIST_FILE = DollarMoreRefactor/Info.plist;
				INFOPLIST_KEY_LSApplicationCategoryType = "public.app-category.finance";
				INFOPLIST_KEY_UIApplicationSupportsIndirectInputEvents = YES;
				INFOPLIST_KEY_UILaunchStoryboardName = LaunchScreen;
				INFOPLIST_KEY_UIMainStoryboardFile = Main;
				INFOPLIST_KEY_UISupportedInterfaceOrientations = UIInterfaceOrientationPortrait;
				INFOPLIST_KEY_UISupportedInterfaceOrientations_iPad = "UIInterfaceOrientationLandscapeLeft UIInterfaceOrientationLandscapeRight UIInterfaceOrientationPortrait UIInterfaceOrientationPortraitUpsideDown";
				LD_RUNPATH_SEARCH_PATHS = (
					"$(inherited)",
					"@executable_path/Frameworks",
				);
				MARKETING_VERSION = 1.3.2;
				"OTHER_LDFLAGS[arch=*]" = "-ObjC";
				PRODUCT_BUNDLE_IDENTIFIER = Jimmy.DollarMoreRefactor;
				PRODUCT_NAME = "$(TARGET_NAME)";
				SUPPORTED_PLATFORMS = "iphoneos iphonesimulator";
				SUPPORTS_MACCATALYST = NO;
				SUPPORTS_MAC_DESIGNED_FOR_IPHONE_IPAD = YES;
				SWIFT_EMIT_LOC_STRINGS = YES;
				SWIFT_VERSION = 5.0;
				TARGETED_DEVICE_FAMILY = "1,2";
			};
			name = Debug;
		};
		55A295EE2A0CC19B004905F1 /* Release */ = {
			isa = XCBuildConfiguration;
			buildSettings = {
				ALLOW_TARGET_PLATFORM_SPECIALIZATION = YES;
				ASSETCATALOG_COMPILER_APPICON_NAME = AppIcon;
				ASSETCATALOG_COMPILER_GLOBAL_ACCENT_COLOR_NAME = AccentColor;
				CODE_SIGN_STYLE = Automatic;
				CURRENT_PROJECT_VERSION = 20230613;
				DEVELOPMENT_TEAM = VJ2VF4KUF7;
				GENERATE_INFOPLIST_FILE = YES;
				INFOPLIST_FILE = DollarMoreRefactor/Info.plist;
				INFOPLIST_KEY_LSApplicationCategoryType = "public.app-category.finance";
				INFOPLIST_KEY_UIApplicationSupportsIndirectInputEvents = YES;
				INFOPLIST_KEY_UILaunchStoryboardName = LaunchScreen;
				INFOPLIST_KEY_UIMainStoryboardFile = Main;
				INFOPLIST_KEY_UISupportedInterfaceOrientations = UIInterfaceOrientationPortrait;
				INFOPLIST_KEY_UISupportedInterfaceOrientations_iPad = "UIInterfaceOrientationLandscapeLeft UIInterfaceOrientationLandscapeRight UIInterfaceOrientationPortrait UIInterfaceOrientationPortraitUpsideDown";
				LD_RUNPATH_SEARCH_PATHS = (
					"$(inherited)",
					"@executable_path/Frameworks",
				);
				MARKETING_VERSION = 1.3.2;
				"OTHER_LDFLAGS[arch=*]" = "-ObjC";
				PRODUCT_BUNDLE_IDENTIFIER = Jimmy.DollarMoreRefactor;
				PRODUCT_NAME = "$(TARGET_NAME)";
				SUPPORTED_PLATFORMS = "iphoneos iphonesimulator";
				SUPPORTS_MACCATALYST = NO;
				SUPPORTS_MAC_DESIGNED_FOR_IPHONE_IPAD = YES;
				SWIFT_EMIT_LOC_STRINGS = YES;
				SWIFT_VERSION = 5.0;
				TARGETED_DEVICE_FAMILY = "1,2";
			};
			name = Release;
		};
/* End XCBuildConfiguration section */

/* Begin XCConfigurationList section */
		55455DC42A1C953800635F42 /* Build configuration list for PBXNativeTarget "DollarMoreRefactorTests" */ = {
			isa = XCConfigurationList;
			buildConfigurations = (
				55455DC22A1C953800635F42 /* Debug */,
				55455DC32A1C953800635F42 /* Release */,
			);
			defaultConfigurationIsVisible = 0;
			defaultConfigurationName = Release;
		};
		55455DD12A1CB2BB00635F42 /* Build configuration list for PBXNativeTarget "DollarMoreRefactorUITests" */ = {
			isa = XCConfigurationList;
			buildConfigurations = (
				55455DD22A1CB2BB00635F42 /* Debug */,
				55455DD32A1CB2BB00635F42 /* Release */,
			);
			defaultConfigurationIsVisible = 0;
			defaultConfigurationName = Release;
		};
		55A295D32A0CC199004905F1 /* Build configuration list for PBXProject "DollarMoreRefactor" */ = {
			isa = XCConfigurationList;
			buildConfigurations = (
				55A295EA2A0CC19B004905F1 /* Debug */,
				55A295EB2A0CC19B004905F1 /* Release */,
			);
			defaultConfigurationIsVisible = 0;
			defaultConfigurationName = Release;
		};
		55A295EC2A0CC19B004905F1 /* Build configuration list for PBXNativeTarget "DollarMoreRefactor" */ = {
			isa = XCConfigurationList;
			buildConfigurations = (
				55A295ED2A0CC19B004905F1 /* Debug */,
				55A295EE2A0CC19B004905F1 /* Release */,
			);
			defaultConfigurationIsVisible = 0;
			defaultConfigurationName = Release;
		};
/* End XCConfigurationList section */

/* Begin XCRemoteSwiftPackageReference section */
		55455DE32A2193B600635F42 /* XCRemoteSwiftPackageReference "AlamofireRSSParser" */ = {
			isa = XCRemoteSwiftPackageReference;
			repositoryURL = "https://github.com/AdeptusAstartes/AlamofireRSSParser.git";
			requirement = {
				kind = upToNextMajorVersion;
				minimumVersion = 4.0.0;
			};
		};
		5549EFA22A34FDB6003EFFC9 /* XCRemoteSwiftPackageReference "firebase-ios-sdk" */ = {
			isa = XCRemoteSwiftPackageReference;
			repositoryURL = "https://github.com/firebase/firebase-ios-sdk";
			requirement = {
				kind = upToNextMajorVersion;
				minimumVersion = 10.0.0;
			};
		};
		55AC16B22A0CDB6A00967DB2 /* XCRemoteSwiftPackageReference "Alamofire" */ = {
			isa = XCRemoteSwiftPackageReference;
			repositoryURL = "https://github.com/Alamofire/Alamofire.git";
			requirement = {
				kind = upToNextMajorVersion;
				minimumVersion = 5.0.0;
			};
		};
		55AC16B82A0CDB8F00967DB2 /* XCRemoteSwiftPackageReference "SwiftSoup" */ = {
			isa = XCRemoteSwiftPackageReference;
			repositoryURL = "https://github.com/scinfu/SwiftSoup.git";
			requirement = {
				kind = upToNextMajorVersion;
				minimumVersion = 2.0.0;
			};
		};
		55BDE4372A34490A008ED037 /* XCRemoteSwiftPackageReference "swift-package-manager-google-mobile-ads" */ = {
			isa = XCRemoteSwiftPackageReference;
			repositoryURL = "https://github.com/googleads/swift-package-manager-google-mobile-ads.git";
			requirement = {
				kind = upToNextMajorVersion;
				minimumVersion = 10.0.0;
			};
		};
		55EA48382A30F5120056428A /* XCRemoteSwiftPackageReference "SwiftRater" */ = {
			isa = XCRemoteSwiftPackageReference;
			repositoryURL = "https://github.com/takecian/SwiftRater.git";
			requirement = {
				kind = upToNextMajorVersion;
				minimumVersion = 2.0.0;
			};
		};
		55F443082A16AC1200A4F18E /* XCRemoteSwiftPackageReference "Charts" */ = {
			isa = XCRemoteSwiftPackageReference;
			repositoryURL = "https://github.com/Jimmy-Jung/Charts.git";
			requirement = {
				branch = master;
				kind = branch;
			};
		};
/* End XCRemoteSwiftPackageReference section */

/* Begin XCSwiftPackageProductDependency section */
		553C445D2A383B7F00E3C1D0 /* FirebaseAnalyticsSwift */ = {
			isa = XCSwiftPackageProductDependency;
			package = 5549EFA22A34FDB6003EFFC9 /* XCRemoteSwiftPackageReference "firebase-ios-sdk" */;
			productName = FirebaseAnalyticsSwift;
		};
		55455DE42A2193B600635F42 /* AlamofireRSSParser */ = {
			isa = XCSwiftPackageProductDependency;
			package = 55455DE32A2193B600635F42 /* XCRemoteSwiftPackageReference "AlamofireRSSParser" */;
			productName = AlamofireRSSParser;
		};
		5549EFA62A34FF92003EFFC9 /* FirebaseAnalytics */ = {
			isa = XCSwiftPackageProductDependency;
			package = 5549EFA22A34FDB6003EFFC9 /* XCRemoteSwiftPackageReference "firebase-ios-sdk" */;
			productName = FirebaseAnalytics;
		};
		55AC16B32A0CDB6A00967DB2 /* Alamofire */ = {
			isa = XCSwiftPackageProductDependency;
			package = 55AC16B22A0CDB6A00967DB2 /* XCRemoteSwiftPackageReference "Alamofire" */;
			productName = Alamofire;
		};
		55AC16B92A0CDB8F00967DB2 /* SwiftSoup */ = {
			isa = XCSwiftPackageProductDependency;
			package = 55AC16B82A0CDB8F00967DB2 /* XCRemoteSwiftPackageReference "SwiftSoup" */;
			productName = SwiftSoup;
		};
		55BDE4382A34490A008ED037 /* GoogleMobileAds */ = {
			isa = XCSwiftPackageProductDependency;
			package = 55BDE4372A34490A008ED037 /* XCRemoteSwiftPackageReference "swift-package-manager-google-mobile-ads" */;
			productName = GoogleMobileAds;
		};
		55EA48392A30F5120056428A /* SwiftRater */ = {
			isa = XCSwiftPackageProductDependency;
			package = 55EA48382A30F5120056428A /* XCRemoteSwiftPackageReference "SwiftRater" */;
			productName = SwiftRater;
		};
		55F443092A16AC1200A4F18E /* Charts */ = {
			isa = XCSwiftPackageProductDependency;
			package = 55F443082A16AC1200A4F18E /* XCRemoteSwiftPackageReference "Charts" */;
			productName = Charts;
		};
/* End XCSwiftPackageProductDependency section */
	};
	rootObject = 55A295D02A0CC199004905F1 /* Project object */;
}
