// !$*UTF8*$!
{
	archiveVersion = 1;
	classes = {
	};
	objectVersion = 56;
	objects = {

/* Begin PBXBuildFile section */
		558CB2042A0CE933000BF91D /* Charts in Frameworks */ = {isa = PBXBuildFile; productRef = 558CB2032A0CE933000BF91D /* Charts */; };
		55A295DC2A0CC199004905F1 /* AppDelegate.swift in Sources */ = {isa = PBXBuildFile; fileRef = 55A295DB2A0CC199004905F1 /* AppDelegate.swift */; };
		55A295DE2A0CC199004905F1 /* SceneDelegate.swift in Sources */ = {isa = PBXBuildFile; fileRef = 55A295DD2A0CC199004905F1 /* SceneDelegate.swift */; };
		55A295E32A0CC199004905F1 /* Main.storyboard in Resources */ = {isa = PBXBuildFile; fileRef = 55A295E12A0CC199004905F1 /* Main.storyboard */; };
		55A295E52A0CC19B004905F1 /* Assets.xcassets in Resources */ = {isa = PBXBuildFile; fileRef = 55A295E42A0CC19B004905F1 /* Assets.xcassets */; };
		55A295E82A0CC19B004905F1 /* LaunchScreen.storyboard in Resources */ = {isa = PBXBuildFile; fileRef = 55A295E62A0CC19B004905F1 /* LaunchScreen.storyboard */; };
		55A295F02A0CC25C004905F1 /* MainViewController.swift in Sources */ = {isa = PBXBuildFile; fileRef = 55A295EF2A0CC25C004905F1 /* MainViewController.swift */; };
		55AC16B42A0CDB6A00967DB2 /* Alamofire in Frameworks */ = {isa = PBXBuildFile; productRef = 55AC16B32A0CDB6A00967DB2 /* Alamofire */; };
		55AC16BA2A0CDB8F00967DB2 /* SwiftSoup in Frameworks */ = {isa = PBXBuildFile; productRef = 55AC16B92A0CDB8F00967DB2 /* SwiftSoup */; };
		55C339DC2A0CF67D00D6057E /* HanaBankAPI.swift in Sources */ = {isa = PBXBuildFile; fileRef = 55C339DB2A0CF67D00D6057E /* HanaBankAPI.swift */; };
		55C339DF2A0CFB9C00D6057E /* YahooFinanceAPI.swift in Sources */ = {isa = PBXBuildFile; fileRef = 55C339DE2A0CFB9C00D6057E /* YahooFinanceAPI.swift */; };
		55C339E12A0CFBB700D6057E /* URLSession+AsyncLinux.swift in Sources */ = {isa = PBXBuildFile; fileRef = 55C339E02A0CFBB700D6057E /* URLSession+AsyncLinux.swift */; };
		55C339E32A0CFBCE00D6057E /* ChartRange.swift in Sources */ = {isa = PBXBuildFile; fileRef = 55C339E22A0CFBCE00D6057E /* ChartRange.swift */; };
		55C339E52A0CFBDF00D6057E /* Chart.swift in Sources */ = {isa = PBXBuildFile; fileRef = 55C339E42A0CFBDF00D6057E /* Chart.swift */; };
		55C339E72A0CFBFA00D6057E /* APIError.swift in Sources */ = {isa = PBXBuildFile; fileRef = 55C339E62A0CFBFA00D6057E /* APIError.swift */; };
		55C339F22A0D0CF200D6057E /* HapticsManager.swift in Sources */ = {isa = PBXBuildFile; fileRef = 55C339F12A0D0CF200D6057E /* HapticsManager.swift */; };
		55C339F42A0D0D0600D6057E /* StocksDataManager.swift in Sources */ = {isa = PBXBuildFile; fileRef = 55C339F32A0D0D0600D6057E /* StocksDataManager.swift */; };
		55C339F82A0D17CF00D6057E /* MainViewModel.swift in Sources */ = {isa = PBXBuildFile; fileRef = 55C339F72A0D17CF00D6057E /* MainViewModel.swift */; };
		55C339FC2A0D308D00D6057E /* SingleChartView.swift in Sources */ = {isa = PBXBuildFile; fileRef = 55C339FB2A0D308D00D6057E /* SingleChartView.swift */; };
		55C339FE2A0D5DE100D6057E /* CustomMarkerView.xib in Resources */ = {isa = PBXBuildFile; fileRef = 55C339FD2A0D5DE100D6057E /* CustomMarkerView.xib */; };
		55C33A012A0D5E4900D6057E /* CustomMarkerView.swift in Sources */ = {isa = PBXBuildFile; fileRef = 55C33A002A0D5E4900D6057E /* CustomMarkerView.swift */; };
		55C33A032A0D696000D6057E /* DateValueFormatter.swift in Sources */ = {isa = PBXBuildFile; fileRef = 55C33A022A0D696000D6057E /* DateValueFormatter.swift */; };
		55C33A052A0D6B7500D6057E /* Extensions.swift in Sources */ = {isa = PBXBuildFile; fileRef = 55C33A042A0D6B7500D6057E /* Extensions.swift */; };
		55C33A072A10B91500D6057E /* DualChartView.swift in Sources */ = {isa = PBXBuildFile; fileRef = 55C33A062A10B91500D6057E /* DualChartView.swift */; };
		55EC66052A1605C700134554 /* SVProgressHUD in Frameworks */ = {isa = PBXBuildFile; productRef = 55EC66042A1605C700134554 /* SVProgressHUD */; };
		55EC66092A16837C00134554 /* HanaBankModel.swift in Sources */ = {isa = PBXBuildFile; fileRef = 55EC66082A16837C00134554 /* HanaBankModel.swift */; };
		55EC660B2A16839800134554 /* HanaAPIServiceError.swift in Sources */ = {isa = PBXBuildFile; fileRef = 55EC660A2A16839800134554 /* HanaAPIServiceError.swift */; };
/* End PBXBuildFile section */

/* Begin PBXFileReference section */
		55A295D82A0CC199004905F1 /* DollarMoreRefactor.app */ = {isa = PBXFileReference; explicitFileType = wrapper.application; includeInIndex = 0; path = DollarMoreRefactor.app; sourceTree = BUILT_PRODUCTS_DIR; };
		55A295DB2A0CC199004905F1 /* AppDelegate.swift */ = {isa = PBXFileReference; lastKnownFileType = sourcecode.swift; path = AppDelegate.swift; sourceTree = "<group>"; };
		55A295DD2A0CC199004905F1 /* SceneDelegate.swift */ = {isa = PBXFileReference; lastKnownFileType = sourcecode.swift; path = SceneDelegate.swift; sourceTree = "<group>"; };
		55A295E22A0CC199004905F1 /* Base */ = {isa = PBXFileReference; lastKnownFileType = file.storyboard; name = Base; path = Base.lproj/Main.storyboard; sourceTree = "<group>"; };
		55A295E42A0CC19B004905F1 /* Assets.xcassets */ = {isa = PBXFileReference; lastKnownFileType = folder.assetcatalog; path = Assets.xcassets; sourceTree = "<group>"; };
		55A295E72A0CC19B004905F1 /* Base */ = {isa = PBXFileReference; lastKnownFileType = file.storyboard; name = Base; path = Base.lproj/LaunchScreen.storyboard; sourceTree = "<group>"; };
		55A295E92A0CC19B004905F1 /* Info.plist */ = {isa = PBXFileReference; lastKnownFileType = text.plist.xml; path = Info.plist; sourceTree = "<group>"; };
		55A295EF2A0CC25C004905F1 /* MainViewController.swift */ = {isa = PBXFileReference; fileEncoding = 4; lastKnownFileType = sourcecode.swift; path = MainViewController.swift; sourceTree = "<group>"; };
		55C339DB2A0CF67D00D6057E /* HanaBankAPI.swift */ = {isa = PBXFileReference; lastKnownFileType = sourcecode.swift; path = HanaBankAPI.swift; sourceTree = "<group>"; };
		55C339DE2A0CFB9C00D6057E /* YahooFinanceAPI.swift */ = {isa = PBXFileReference; lastKnownFileType = sourcecode.swift; path = YahooFinanceAPI.swift; sourceTree = "<group>"; };
		55C339E02A0CFBB700D6057E /* URLSession+AsyncLinux.swift */ = {isa = PBXFileReference; lastKnownFileType = sourcecode.swift; path = "URLSession+AsyncLinux.swift"; sourceTree = "<group>"; };
		55C339E22A0CFBCE00D6057E /* ChartRange.swift */ = {isa = PBXFileReference; lastKnownFileType = sourcecode.swift; path = ChartRange.swift; sourceTree = "<group>"; };
		55C339E42A0CFBDF00D6057E /* Chart.swift */ = {isa = PBXFileReference; lastKnownFileType = sourcecode.swift; path = Chart.swift; sourceTree = "<group>"; };
		55C339E62A0CFBFA00D6057E /* APIError.swift */ = {isa = PBXFileReference; lastKnownFileType = sourcecode.swift; path = APIError.swift; sourceTree = "<group>"; };
		55C339F12A0D0CF200D6057E /* HapticsManager.swift */ = {isa = PBXFileReference; lastKnownFileType = sourcecode.swift; path = HapticsManager.swift; sourceTree = "<group>"; };
		55C339F32A0D0D0600D6057E /* StocksDataManager.swift */ = {isa = PBXFileReference; lastKnownFileType = sourcecode.swift; path = StocksDataManager.swift; sourceTree = "<group>"; };
		55C339F72A0D17CF00D6057E /* MainViewModel.swift */ = {isa = PBXFileReference; lastKnownFileType = sourcecode.swift; path = MainViewModel.swift; sourceTree = "<group>"; };
		55C339F92A0D1DE400D6057E /* SpoqaHanSansNeo-Bold.otf */ = {isa = PBXFileReference; lastKnownFileType = file; path = "SpoqaHanSansNeo-Bold.otf"; sourceTree = "<group>"; };
		55C339FB2A0D308D00D6057E /* SingleChartView.swift */ = {isa = PBXFileReference; lastKnownFileType = sourcecode.swift; path = SingleChartView.swift; sourceTree = "<group>"; };
		55C339FD2A0D5DE100D6057E /* CustomMarkerView.xib */ = {isa = PBXFileReference; fileEncoding = 4; lastKnownFileType = file.xib; path = CustomMarkerView.xib; sourceTree = "<group>"; };
		55C33A002A0D5E4900D6057E /* CustomMarkerView.swift */ = {isa = PBXFileReference; lastKnownFileType = sourcecode.swift; path = CustomMarkerView.swift; sourceTree = "<group>"; };
		55C33A022A0D696000D6057E /* DateValueFormatter.swift */ = {isa = PBXFileReference; lastKnownFileType = sourcecode.swift; path = DateValueFormatter.swift; sourceTree = "<group>"; };
		55C33A042A0D6B7500D6057E /* Extensions.swift */ = {isa = PBXFileReference; lastKnownFileType = sourcecode.swift; path = Extensions.swift; sourceTree = "<group>"; };
		55C33A062A10B91500D6057E /* DualChartView.swift */ = {isa = PBXFileReference; lastKnownFileType = sourcecode.swift; path = DualChartView.swift; sourceTree = "<group>"; };
		55EC66082A16837C00134554 /* HanaBankModel.swift */ = {isa = PBXFileReference; lastKnownFileType = sourcecode.swift; path = HanaBankModel.swift; sourceTree = "<group>"; };
		55EC660A2A16839800134554 /* HanaAPIServiceError.swift */ = {isa = PBXFileReference; lastKnownFileType = sourcecode.swift; path = HanaAPIServiceError.swift; sourceTree = "<group>"; };
/* End PBXFileReference section */

/* Begin PBXFrameworksBuildPhase section */
		55A295D52A0CC199004905F1 /* Frameworks */ = {
			isa = PBXFrameworksBuildPhase;
			buildActionMask = 2147483647;
			files = (
				55EC66052A1605C700134554 /* SVProgressHUD in Frameworks */,
				55AC16B42A0CDB6A00967DB2 /* Alamofire in Frameworks */,
				55AC16BA2A0CDB8F00967DB2 /* SwiftSoup in Frameworks */,
				558CB2042A0CE933000BF91D /* Charts in Frameworks */,
			);
			runOnlyForDeploymentPostprocessing = 0;
		};
/* End PBXFrameworksBuildPhase section */

/* Begin PBXGroup section */
		55A295CF2A0CC199004905F1 = {
			isa = PBXGroup;
			children = (
				55A295DA2A0CC199004905F1 /* DollarMoreRefactor */,
				55A295D92A0CC199004905F1 /* Products */,
			);
			sourceTree = "<group>";
		};
		55A295D92A0CC199004905F1 /* Products */ = {
			isa = PBXGroup;
			children = (
				55A295D82A0CC199004905F1 /* DollarMoreRefactor.app */,
			);
			name = Products;
			sourceTree = "<group>";
		};
		55A295DA2A0CC199004905F1 /* DollarMoreRefactor */ = {
			isa = PBXGroup;
			children = (
				55C339F52A0D0D3900D6057E /* APIs */,
				55C339EC2A0D0CC600D6057E /* Models */,
				55C339EA2A0D0C9400D6057E /* Views */,
				55C339F62A0D0D5800D6057E /* ViewModels */,
				55C339E92A0D0C7C00D6057E /* Other */,
				55A295E42A0CC19B004905F1 /* Assets.xcassets */,
				55A295E92A0CC19B004905F1 /* Info.plist */,
			);
			path = DollarMoreRefactor;
			sourceTree = "<group>";
		};
		55C339DD2A0CFB8300D6057E /* YahooFinanceAPI */ = {
			isa = PBXGroup;
			children = (
				55C339DE2A0CFB9C00D6057E /* YahooFinanceAPI.swift */,
				55C339E02A0CFBB700D6057E /* URLSession+AsyncLinux.swift */,
				55C339E22A0CFBCE00D6057E /* ChartRange.swift */,
				55C339E42A0CFBDF00D6057E /* Chart.swift */,
				55C339E62A0CFBFA00D6057E /* APIError.swift */,
			);
			path = YahooFinanceAPI;
			sourceTree = "<group>";
		};
		55C339E82A0CFCAD00D6057E /* HanaBankAPI */ = {
			isa = PBXGroup;
			children = (
				55C339DB2A0CF67D00D6057E /* HanaBankAPI.swift */,
				55EC66082A16837C00134554 /* HanaBankModel.swift */,
				55EC660A2A16839800134554 /* HanaAPIServiceError.swift */,
			);
			path = HanaBankAPI;
			sourceTree = "<group>";
		};
		55C339E92A0D0C7C00D6057E /* Other */ = {
			isa = PBXGroup;
			children = (
				55C33A042A0D6B7500D6057E /* Extensions.swift */,
				55A295DD2A0CC199004905F1 /* SceneDelegate.swift */,
				55A295DB2A0CC199004905F1 /* AppDelegate.swift */,
				55C339FA2A0D1E0700D6057E /* Resources */,
			);
			path = Other;
			sourceTree = "<group>";
		};
		55C339EA2A0D0C9400D6057E /* Views */ = {
			isa = PBXGroup;
			children = (
				55A295E62A0CC19B004905F1 /* LaunchScreen.storyboard */,
				55A295E12A0CC199004905F1 /* Main.storyboard */,
				55A295EF2A0CC25C004905F1 /* MainViewController.swift */,
				55C339FB2A0D308D00D6057E /* SingleChartView.swift */,
				55C33A062A10B91500D6057E /* DualChartView.swift */,
				55C339FD2A0D5DE100D6057E /* CustomMarkerView.xib */,
				55C33A002A0D5E4900D6057E /* CustomMarkerView.swift */,
			);
			path = Views;
			sourceTree = "<group>";
		};
		55C339EC2A0D0CC600D6057E /* Models */ = {
			isa = PBXGroup;
			children = (
				55C339F12A0D0CF200D6057E /* HapticsManager.swift */,
				55C339F32A0D0D0600D6057E /* StocksDataManager.swift */,
			);
			path = Models;
			sourceTree = "<group>";
		};
		55C339F52A0D0D3900D6057E /* APIs */ = {
			isa = PBXGroup;
			children = (
				55C339E82A0CFCAD00D6057E /* HanaBankAPI */,
				55C339DD2A0CFB8300D6057E /* YahooFinanceAPI */,
			);
			path = APIs;
			sourceTree = "<group>";
		};
		55C339F62A0D0D5800D6057E /* ViewModels */ = {
			isa = PBXGroup;
			children = (
				55C339F72A0D17CF00D6057E /* MainViewModel.swift */,
				55C33A022A0D696000D6057E /* DateValueFormatter.swift */,
			);
			path = ViewModels;
			sourceTree = "<group>";
		};
		55C339FA2A0D1E0700D6057E /* Resources */ = {
			isa = PBXGroup;
			children = (
				55C339F92A0D1DE400D6057E /* SpoqaHanSansNeo-Bold.otf */,
			);
			path = Resources;
			sourceTree = "<group>";
		};
/* End PBXGroup section */

/* Begin PBXNativeTarget section */
		55A295D72A0CC199004905F1 /* DollarMoreRefactor */ = {
			isa = PBXNativeTarget;
			buildConfigurationList = 55A295EC2A0CC19B004905F1 /* Build configuration list for PBXNativeTarget "DollarMoreRefactor" */;
			buildPhases = (
				55A295D42A0CC199004905F1 /* Sources */,
				55A295D52A0CC199004905F1 /* Frameworks */,
				55A295D62A0CC199004905F1 /* Resources */,
			);
			buildRules = (
			);
			dependencies = (
			);
			name = DollarMoreRefactor;
			packageProductDependencies = (
				55AC16B32A0CDB6A00967DB2 /* Alamofire */,
				55AC16B92A0CDB8F00967DB2 /* SwiftSoup */,
				558CB2032A0CE933000BF91D /* Charts */,
				55EC66042A1605C700134554 /* SVProgressHUD */,
			);
			productName = DollarMoreRefactor;
			productReference = 55A295D82A0CC199004905F1 /* DollarMoreRefactor.app */;
			productType = "com.apple.product-type.application";
		};
/* End PBXNativeTarget section */

/* Begin PBXProject section */
		55A295D02A0CC199004905F1 /* Project object */ = {
			isa = PBXProject;
			attributes = {
				BuildIndependentTargetsInParallel = 1;
				LastSwiftUpdateCheck = 1430;
				LastUpgradeCheck = 1430;
				TargetAttributes = {
					55A295D72A0CC199004905F1 = {
						CreatedOnToolsVersion = 14.3;
					};
				};
			};
			buildConfigurationList = 55A295D32A0CC199004905F1 /* Build configuration list for PBXProject "DollarMoreRefactor" */;
			compatibilityVersion = "Xcode 14.0";
			developmentRegion = en;
			hasScannedForEncodings = 0;
			knownRegions = (
				en,
				Base,
			);
			mainGroup = 55A295CF2A0CC199004905F1;
			packageReferences = (
				55AC16B22A0CDB6A00967DB2 /* XCRemoteSwiftPackageReference "Alamofire" */,
				55AC16B82A0CDB8F00967DB2 /* XCRemoteSwiftPackageReference "SwiftSoup" */,
				558CB2022A0CE933000BF91D /* XCRemoteSwiftPackageReference "Charts" */,
				55EC66032A1605C700134554 /* XCRemoteSwiftPackageReference "SVProgressHUD" */,
			);
			productRefGroup = 55A295D92A0CC199004905F1 /* Products */;
			projectDirPath = "";
			projectRoot = "";
			targets = (
				55A295D72A0CC199004905F1 /* DollarMoreRefactor */,
			);
		};
/* End PBXProject section */

/* Begin PBXResourcesBuildPhase section */
		55A295D62A0CC199004905F1 /* Resources */ = {
			isa = PBXResourcesBuildPhase;
			buildActionMask = 2147483647;
			files = (
				55A295E82A0CC19B004905F1 /* LaunchScreen.storyboard in Resources */,
				55C339FE2A0D5DE100D6057E /* CustomMarkerView.xib in Resources */,
				55A295E52A0CC19B004905F1 /* Assets.xcassets in Resources */,
				55A295E32A0CC199004905F1 /* Main.storyboard in Resources */,
			);
			runOnlyForDeploymentPostprocessing = 0;
		};
/* End PBXResourcesBuildPhase section */

/* Begin PBXSourcesBuildPhase section */
		55A295D42A0CC199004905F1 /* Sources */ = {
			isa = PBXSourcesBuildPhase;
			buildActionMask = 2147483647;
			files = (
				55EC660B2A16839800134554 /* HanaAPIServiceError.swift in Sources */,
				55C33A032A0D696000D6057E /* DateValueFormatter.swift in Sources */,
				55C339DC2A0CF67D00D6057E /* HanaBankAPI.swift in Sources */,
				55C339E32A0CFBCE00D6057E /* ChartRange.swift in Sources */,
				55C339E72A0CFBFA00D6057E /* APIError.swift in Sources */,
				55C33A012A0D5E4900D6057E /* CustomMarkerView.swift in Sources */,
				55EC66092A16837C00134554 /* HanaBankModel.swift in Sources */,
				55C339F22A0D0CF200D6057E /* HapticsManager.swift in Sources */,
				55C339DF2A0CFB9C00D6057E /* YahooFinanceAPI.swift in Sources */,
				55C339F42A0D0D0600D6057E /* StocksDataManager.swift in Sources */,
				55A295DC2A0CC199004905F1 /* AppDelegate.swift in Sources */,
				55C339E12A0CFBB700D6057E /* URLSession+AsyncLinux.swift in Sources */,
				55C33A072A10B91500D6057E /* DualChartView.swift in Sources */,
				55A295DE2A0CC199004905F1 /* SceneDelegate.swift in Sources */,
				55C33A052A0D6B7500D6057E /* Extensions.swift in Sources */,
				55C339E52A0CFBDF00D6057E /* Chart.swift in Sources */,
				55C339FC2A0D308D00D6057E /* SingleChartView.swift in Sources */,
				55A295F02A0CC25C004905F1 /* MainViewController.swift in Sources */,
				55C339F82A0D17CF00D6057E /* MainViewModel.swift in Sources */,
			);
			runOnlyForDeploymentPostprocessing = 0;
		};
/* End PBXSourcesBuildPhase section */

/* Begin PBXVariantGroup section */
		55A295E12A0CC199004905F1 /* Main.storyboard */ = {
			isa = PBXVariantGroup;
			children = (
				55A295E22A0CC199004905F1 /* Base */,
			);
			name = Main.storyboard;
			sourceTree = "<group>";
		};
		55A295E62A0CC19B004905F1 /* LaunchScreen.storyboard */ = {
			isa = PBXVariantGroup;
			children = (
				55A295E72A0CC19B004905F1 /* Base */,
			);
			name = LaunchScreen.storyboard;
			sourceTree = "<group>";
		};
/* End PBXVariantGroup section */

/* Begin XCBuildConfiguration section */
		55A295EA2A0CC19B004905F1 /* Debug */ = {
			isa = XCBuildConfiguration;
			buildSettings = {
				ALWAYS_SEARCH_USER_PATHS = NO;
				CLANG_ANALYZER_NONNULL = YES;
				CLANG_ANALYZER_NUMBER_OBJECT_CONVERSION = YES_AGGRESSIVE;
				CLANG_CXX_LANGUAGE_STANDARD = "gnu++20";
				CLANG_ENABLE_MODULES = YES;
				CLANG_ENABLE_OBJC_ARC = YES;
				CLANG_ENABLE_OBJC_WEAK = YES;
				CLANG_WARN_BLOCK_CAPTURE_AUTORELEASING = YES;
				CLANG_WARN_BOOL_CONVERSION = YES;
				CLANG_WARN_COMMA = YES;
				CLANG_WARN_CONSTANT_CONVERSION = YES;
				CLANG_WARN_DEPRECATED_OBJC_IMPLEMENTATIONS = YES;
				CLANG_WARN_DIRECT_OBJC_ISA_USAGE = YES_ERROR;
				CLANG_WARN_DOCUMENTATION_COMMENTS = YES;
				CLANG_WARN_EMPTY_BODY = YES;
				CLANG_WARN_ENUM_CONVERSION = YES;
				CLANG_WARN_INFINITE_RECURSION = YES;
				CLANG_WARN_INT_CONVERSION = YES;
				CLANG_WARN_NON_LITERAL_NULL_CONVERSION = YES;
				CLANG_WARN_OBJC_IMPLICIT_RETAIN_SELF = YES;
				CLANG_WARN_OBJC_LITERAL_CONVERSION = YES;
				CLANG_WARN_OBJC_ROOT_CLASS = YES_ERROR;
				CLANG_WARN_QUOTED_INCLUDE_IN_FRAMEWORK_HEADER = YES;
				CLANG_WARN_RANGE_LOOP_ANALYSIS = YES;
				CLANG_WARN_STRICT_PROTOTYPES = YES;
				CLANG_WARN_SUSPICIOUS_MOVE = YES;
				CLANG_WARN_UNGUARDED_AVAILABILITY = YES_AGGRESSIVE;
				CLANG_WARN_UNREACHABLE_CODE = YES;
				CLANG_WARN__DUPLICATE_METHOD_MATCH = YES;
				COPY_PHASE_STRIP = NO;
				DEBUG_INFORMATION_FORMAT = dwarf;
				ENABLE_STRICT_OBJC_MSGSEND = YES;
				ENABLE_TESTABILITY = YES;
				GCC_C_LANGUAGE_STANDARD = gnu11;
				GCC_DYNAMIC_NO_PIC = NO;
				GCC_NO_COMMON_BLOCKS = YES;
				GCC_OPTIMIZATION_LEVEL = 0;
				GCC_PREPROCESSOR_DEFINITIONS = (
					"DEBUG=1",
					"$(inherited)",
				);
				GCC_WARN_64_TO_32_BIT_CONVERSION = YES;
				GCC_WARN_ABOUT_RETURN_TYPE = YES_ERROR;
				GCC_WARN_UNDECLARED_SELECTOR = YES;
				GCC_WARN_UNINITIALIZED_AUTOS = YES_AGGRESSIVE;
				GCC_WARN_UNUSED_FUNCTION = YES;
				GCC_WARN_UNUSED_VARIABLE = YES;
				IPHONEOS_DEPLOYMENT_TARGET = 16.0;
				MTL_ENABLE_DEBUG_INFO = INCLUDE_SOURCE;
				MTL_FAST_MATH = YES;
				ONLY_ACTIVE_ARCH = YES;
				SDKROOT = iphoneos;
				SWIFT_ACTIVE_COMPILATION_CONDITIONS = DEBUG;
				SWIFT_OPTIMIZATION_LEVEL = "-Onone";
			};
			name = Debug;
		};
		55A295EB2A0CC19B004905F1 /* Release */ = {
			isa = XCBuildConfiguration;
			buildSettings = {
				ALWAYS_SEARCH_USER_PATHS = NO;
				CLANG_ANALYZER_NONNULL = YES;
				CLANG_ANALYZER_NUMBER_OBJECT_CONVERSION = YES_AGGRESSIVE;
				CLANG_CXX_LANGUAGE_STANDARD = "gnu++20";
				CLANG_ENABLE_MODULES = YES;
				CLANG_ENABLE_OBJC_ARC = YES;
				CLANG_ENABLE_OBJC_WEAK = YES;
				CLANG_WARN_BLOCK_CAPTURE_AUTORELEASING = YES;
				CLANG_WARN_BOOL_CONVERSION = YES;
				CLANG_WARN_COMMA = YES;
				CLANG_WARN_CONSTANT_CONVERSION = YES;
				CLANG_WARN_DEPRECATED_OBJC_IMPLEMENTATIONS = YES;
				CLANG_WARN_DIRECT_OBJC_ISA_USAGE = YES_ERROR;
				CLANG_WARN_DOCUMENTATION_COMMENTS = YES;
				CLANG_WARN_EMPTY_BODY = YES;
				CLANG_WARN_ENUM_CONVERSION = YES;
				CLANG_WARN_INFINITE_RECURSION = YES;
				CLANG_WARN_INT_CONVERSION = YES;
				CLANG_WARN_NON_LITERAL_NULL_CONVERSION = YES;
				CLANG_WARN_OBJC_IMPLICIT_RETAIN_SELF = YES;
				CLANG_WARN_OBJC_LITERAL_CONVERSION = YES;
				CLANG_WARN_OBJC_ROOT_CLASS = YES_ERROR;
				CLANG_WARN_QUOTED_INCLUDE_IN_FRAMEWORK_HEADER = YES;
				CLANG_WARN_RANGE_LOOP_ANALYSIS = YES;
				CLANG_WARN_STRICT_PROTOTYPES = YES;
				CLANG_WARN_SUSPICIOUS_MOVE = YES;
				CLANG_WARN_UNGUARDED_AVAILABILITY = YES_AGGRESSIVE;
				CLANG_WARN_UNREACHABLE_CODE = YES;
				CLANG_WARN__DUPLICATE_METHOD_MATCH = YES;
				COPY_PHASE_STRIP = NO;
				DEBUG_INFORMATION_FORMAT = "dwarf-with-dsym";
				ENABLE_NS_ASSERTIONS = NO;
				ENABLE_STRICT_OBJC_MSGSEND = YES;
				GCC_C_LANGUAGE_STANDARD = gnu11;
				GCC_NO_COMMON_BLOCKS = YES;
				GCC_WARN_64_TO_32_BIT_CONVERSION = YES;
				GCC_WARN_ABOUT_RETURN_TYPE = YES_ERROR;
				GCC_WARN_UNDECLARED_SELECTOR = YES;
				GCC_WARN_UNINITIALIZED_AUTOS = YES_AGGRESSIVE;
				GCC_WARN_UNUSED_FUNCTION = YES;
				GCC_WARN_UNUSED_VARIABLE = YES;
				IPHONEOS_DEPLOYMENT_TARGET = 16.0;
				MTL_ENABLE_DEBUG_INFO = NO;
				MTL_FAST_MATH = YES;
				SDKROOT = iphoneos;
				SWIFT_COMPILATION_MODE = wholemodule;
				SWIFT_OPTIMIZATION_LEVEL = "-O";
				VALIDATE_PRODUCT = YES;
			};
			name = Release;
		};
		55A295ED2A0CC19B004905F1 /* Debug */ = {
			isa = XCBuildConfiguration;
			buildSettings = {
				ALLOW_TARGET_PLATFORM_SPECIALIZATION = YES;
				ASSETCATALOG_COMPILER_APPICON_NAME = AppIcon;
				ASSETCATALOG_COMPILER_GLOBAL_ACCENT_COLOR_NAME = AccentColor;
				CODE_SIGN_STYLE = Automatic;
				CURRENT_PROJECT_VERSION = 1;
				DEVELOPMENT_TEAM = VJ2VF4KUF7;
				GENERATE_INFOPLIST_FILE = YES;
				INFOPLIST_FILE = DollarMoreRefactor/Info.plist;
				INFOPLIST_KEY_LSApplicationCategoryType = "public.app-category.finance";
				INFOPLIST_KEY_UIApplicationSupportsIndirectInputEvents = YES;
				INFOPLIST_KEY_UILaunchStoryboardName = LaunchScreen;
				INFOPLIST_KEY_UIMainStoryboardFile = Main;
				INFOPLIST_KEY_UISupportedInterfaceOrientations = UIInterfaceOrientationPortrait;
				INFOPLIST_KEY_UISupportedInterfaceOrientations_iPad = "UIInterfaceOrientationLandscapeLeft UIInterfaceOrientationLandscapeRight UIInterfaceOrientationPortrait UIInterfaceOrientationPortraitUpsideDown";
				LD_RUNPATH_SEARCH_PATHS = (
					"$(inherited)",
					"@executable_path/Frameworks",
				);
				MARKETING_VERSION = 1.0;
				PRODUCT_BUNDLE_IDENTIFIER = Jimmy.DollarMoreRefactor;
				PRODUCT_NAME = "$(TARGET_NAME)";
				SUPPORTED_PLATFORMS = "iphoneos iphonesimulator";
				SUPPORTS_MACCATALYST = NO;
				SUPPORTS_MAC_DESIGNED_FOR_IPHONE_IPAD = YES;
				SWIFT_EMIT_LOC_STRINGS = YES;
				SWIFT_VERSION = 5.0;
				TARGETED_DEVICE_FAMILY = "1,2";
			};
			name = Debug;
		};
		55A295EE2A0CC19B004905F1 /* Release */ = {
			isa = XCBuildConfiguration;
			buildSettings = {
				ALLOW_TARGET_PLATFORM_SPECIALIZATION = YES;
				ASSETCATALOG_COMPILER_APPICON_NAME = AppIcon;
				ASSETCATALOG_COMPILER_GLOBAL_ACCENT_COLOR_NAME = AccentColor;
				CODE_SIGN_STYLE = Automatic;
				CURRENT_PROJECT_VERSION = 1;
				DEVELOPMENT_TEAM = VJ2VF4KUF7;
				GENERATE_INFOPLIST_FILE = YES;
				INFOPLIST_FILE = DollarMoreRefactor/Info.plist;
				INFOPLIST_KEY_LSApplicationCategoryType = "public.app-category.finance";
				INFOPLIST_KEY_UIApplicationSupportsIndirectInputEvents = YES;
				INFOPLIST_KEY_UILaunchStoryboardName = LaunchScreen;
				INFOPLIST_KEY_UIMainStoryboardFile = Main;
				INFOPLIST_KEY_UISupportedInterfaceOrientations = UIInterfaceOrientationPortrait;
				INFOPLIST_KEY_UISupportedInterfaceOrientations_iPad = "UIInterfaceOrientationLandscapeLeft UIInterfaceOrientationLandscapeRight UIInterfaceOrientationPortrait UIInterfaceOrientationPortraitUpsideDown";
				LD_RUNPATH_SEARCH_PATHS = (
					"$(inherited)",
					"@executable_path/Frameworks",
				);
				MARKETING_VERSION = 1.0;
				PRODUCT_BUNDLE_IDENTIFIER = Jimmy.DollarMoreRefactor;
				PRODUCT_NAME = "$(TARGET_NAME)";
				SUPPORTED_PLATFORMS = "iphoneos iphonesimulator";
				SUPPORTS_MACCATALYST = NO;
				SUPPORTS_MAC_DESIGNED_FOR_IPHONE_IPAD = YES;
				SWIFT_EMIT_LOC_STRINGS = YES;
				SWIFT_VERSION = 5.0;
				TARGETED_DEVICE_FAMILY = "1,2";
			};
			name = Release;
		};
/* End XCBuildConfiguration section */

/* Begin XCConfigurationList section */
		55A295D32A0CC199004905F1 /* Build configuration list for PBXProject "DollarMoreRefactor" */ = {
			isa = XCConfigurationList;
			buildConfigurations = (
				55A295EA2A0CC19B004905F1 /* Debug */,
				55A295EB2A0CC19B004905F1 /* Release */,
			);
			defaultConfigurationIsVisible = 0;
			defaultConfigurationName = Release;
		};
		55A295EC2A0CC19B004905F1 /* Build configuration list for PBXNativeTarget "DollarMoreRefactor" */ = {
			isa = XCConfigurationList;
			buildConfigurations = (
				55A295ED2A0CC19B004905F1 /* Debug */,
				55A295EE2A0CC19B004905F1 /* Release */,
			);
			defaultConfigurationIsVisible = 0;
			defaultConfigurationName = Release;
		};
/* End XCConfigurationList section */

/* Begin XCRemoteSwiftPackageReference section */
		558CB2022A0CE933000BF91D /* XCRemoteSwiftPackageReference "Charts" */ = {
			isa = XCRemoteSwiftPackageReference;
			repositoryURL = "https://github.com/danielgindi/Charts.git";
			requirement = {
				branch = master;
				kind = branch;
			};
		};
		55AC16B22A0CDB6A00967DB2 /* XCRemoteSwiftPackageReference "Alamofire" */ = {
			isa = XCRemoteSwiftPackageReference;
			repositoryURL = "https://github.com/Alamofire/Alamofire.git";
			requirement = {
				kind = upToNextMajorVersion;
				minimumVersion = 5.0.0;
			};
		};
		55AC16B82A0CDB8F00967DB2 /* XCRemoteSwiftPackageReference "SwiftSoup" */ = {
			isa = XCRemoteSwiftPackageReference;
			repositoryURL = "https://github.com/scinfu/SwiftSoup.git";
			requirement = {
				kind = upToNextMajorVersion;
				minimumVersion = 2.0.0;
			};
		};
		55EC66032A1605C700134554 /* XCRemoteSwiftPackageReference "SVProgressHUD" */ = {
			isa = XCRemoteSwiftPackageReference;
			repositoryURL = "https://github.com/wowpotato/SVProgressHUD.git";
			requirement = {
				kind = exactVersion;
				version = 2.2.7;
			};
		};
/* End XCRemoteSwiftPackageReference section */

/* Begin XCSwiftPackageProductDependency section */
		558CB2032A0CE933000BF91D /* Charts */ = {
			isa = XCSwiftPackageProductDependency;
			package = 558CB2022A0CE933000BF91D /* XCRemoteSwiftPackageReference "Charts" */;
			productName = Charts;
		};
		55AC16B32A0CDB6A00967DB2 /* Alamofire */ = {
			isa = XCSwiftPackageProductDependency;
			package = 55AC16B22A0CDB6A00967DB2 /* XCRemoteSwiftPackageReference "Alamofire" */;
			productName = Alamofire;
		};
		55AC16B92A0CDB8F00967DB2 /* SwiftSoup */ = {
			isa = XCSwiftPackageProductDependency;
			package = 55AC16B82A0CDB8F00967DB2 /* XCRemoteSwiftPackageReference "SwiftSoup" */;
			productName = SwiftSoup;
		};
		55EC66042A1605C700134554 /* SVProgressHUD */ = {
			isa = XCSwiftPackageProductDependency;
			package = 55EC66032A1605C700134554 /* XCRemoteSwiftPackageReference "SVProgressHUD" */;
			productName = SVProgressHUD;
		};
/* End XCSwiftPackageProductDependency section */
	};
	rootObject = 55A295D02A0CC199004905F1 /* Project object */;
}
